{
  "nodes": {
    "nixpkgs": {
      "locked": {
        "lastModified": 1688668881,
        "narHash": "sha256-q5QIxsX5UR+P2uq8RyaJA/GI5z3yZiKl3Q35gVyr9UM=",
        "owner": "NixOS",
        "repo": "nixpkgs",
        "rev": "0ffe9cc640d092e6abd8c0adec483acfd2ed7cda",
        "type": "github"
      },
      "original": {
        "owner": "NixOS",
        "repo": "nixpkgs",
        "type": "github"
      }
    },
    "root": {
      "inputs": {
        "nixpkgs": "nixpkgs"
      }
    }
  },
  "root": "root",
  "version": 7
}
